
Microsoft Visual Studio Solution File, Format Version 10.00
# Visual Studio 2008
Project("{6989167D-11E4-40FE-8C1A-2192A86A7E90}") = "APCSDll", "APCSDll\APCSDll.vfproj", "{8A19054A-24A2-4F8D-9011-3A01CF51E9EC}"
EndProject
Global
	GlobalSection(SolutionConfigurationPlatforms) = preSolution
		Debug|Win32 = Debug|Win32
		Release|Win32 = Release|Win32
	EndGlobalSection
	GlobalSection(ProjectConfigurationPlatforms) = postSolution
		{8A19054A-24A2-4F8D-9011-3A01CF51E9EC}.Debug|Win32.ActiveCfg = Debug|Win32
		{8A19054A-24A2-4F8D-9011-3A01CF51E9EC}.Debug|Win32.Build.0 = Debug|Win32
		{8A19054A-24A2-4F8D-9011-3A01CF51E9EC}.Release|Win32.ActiveCfg = Release|Win32
		{8A19054A-24A2-4F8D-9011-3A01CF51E9EC}.Release|Win32.Build.0 = Release|Win32
	EndGlobalSection
	GlobalSection(SolutionProperties) = preSolution
		HideSolutionNode = FALSE
	EndGlobalSection
EndGlobal
